
Microsoft Visual Studio Solution File, Format Version 12.00
# Visual Studio 15
VisualStudioVersion = 15.0.28307.1340
MinimumVisualStudioVersion = 10.0.40219.1
Project("{FAE04EC0-301F-11D3-BF4B-00C04F79EFBC}") = "Calculator", "Calculator\Calculator.csproj", "{647B18CE-89A2-41B2-AD86-8EBD8E1FC768}"
EndProject
Global
	GlobalSection(SolutionConfigurationPlatforms) = preSolution
		Debug|Any CPU = Debug|Any CPU
		Release|Any CPU = Release|Any CPU
	EndGlobalSection
	GlobalSection(ProjectConfigurationPlatforms) = postSolution
		{647B18CE-89A2-41B2-AD86-8EBD8E1FC768}.Debug|Any CPU.ActiveCfg = Debug|Any CPU
		{647B18CE-89A2-41B2-AD86-8EBD8E1FC768}.Debug|Any CPU.Build.0 = Debug|Any CPU
		{647B18CE-89A2-41B2-AD86-8EBD8E1FC768}.Release|Any CPU.ActiveCfg = Release|Any CPU
		{647B18CE-89A2-41B2-AD86-8EBD8E1FC768}.Release|Any CPU.Build.0 = Release|Any CPU
	EndGlobalSection
	GlobalSection(SolutionProperties) = preSolution
		HideSolutionNode = FALSE
	EndGlobalSection
	GlobalSection(ExtensibilityGlobals) = postSolution
		SolutionGuid = {8129D47B-1439-441F-8D42-2AEDBE4DE531}
	EndGlobalSection
EndGlobal
